
Microsoft Visual Studio Solution File, Format Version 12.00
# Visual Studio Version 16
VisualStudioVersion = 16.0.31424.327
MinimumVisualStudioVersion = 10.0.40219.1
Project("{8BC9CEB8-8B4A-11D0-8D11-00A0C91BC942}") = "SketchTimer", "SketchTimer.vcxproj", "{363F9556-ABD0-4A57-A9C3-CE4EC42371A2}"
EndProject
Global
	GlobalSection(SolutionConfigurationPlatforms) = preSolution
		Debug|x64 = Debug|x64
		Debug|x86 = Debug|x86
		Release|x64 = Release|x64
		Release|x86 = Release|x86
	EndGlobalSection
	GlobalSection(ProjectConfigurationPlatforms) = postSolution
		{363F9556-ABD0-4A57-A9C3-CE4EC42371A2}.Debug|x64.ActiveCfg = Debug|x64
		{363F9556-ABD0-4A57-A9C3-CE4EC42371A2}.Debug|x64.Build.0 = Debug|x64
		{363F9556-ABD0-4A57-A9C3-CE4EC42371A2}.Debug|x86.ActiveCfg = Debug|Win32
		{363F9556-ABD0-4A57-A9C3-CE4EC42371A2}.Debug|x86.Build.0 = Debug|Win32
		{363F9556-ABD0-4A57-A9C3-CE4EC42371A2}.Release|x64.ActiveCfg = Release|x64
		{363F9556-ABD0-4A57-A9C3-CE4EC42371A2}.Release|x64.Build.0 = Release|x64
		{363F9556-ABD0-4A57-A9C3-CE4EC42371A2}.Release|x86.ActiveCfg = Release|Win32
		{363F9556-ABD0-4A57-A9C3-CE4EC42371A2}.Release|x86.Build.0 = Release|Win32
	EndGlobalSection
	GlobalSection(SolutionProperties) = preSolution
		HideSolutionNode = FALSE
	EndGlobalSection
	GlobalSection(ExtensibilityGlobals) = postSolution
		SolutionGuid = {3E741913-083C-4BCB-8735-522EA72D9A66}
	EndGlobalSection
EndGlobal
